<?xml version="1.0" encoding="utf-8"?>
<Project ToolsVersion="4.0" xmlns="http://schemas.microsoft.com/developer/msbuild/2003">
  <ItemGroup>
    <Filter Include="Platform">
      <UniqueIdentifier>{2AC788B4-1694-E3BF-3FAD-D1672BD9184E}</UniqueIdentifier>
    </Filter>
    <Filter Include="core">
      <UniqueIdentifier>{4E40957C-3A77-960D-E363-7C10CF79120F}</UniqueIdentifier>
    </Filter>
    <Filter Include="core\Events">
      <UniqueIdentifier>{72C8B11F-DE7D-2A15-6772-24ECD3262119}</UniqueIdentifier>
    </Filter>
  </ItemGroup>
  <ItemGroup>
    <ClInclude Include="src\CR.h" />
    <ClInclude Include="src\Platform\WindowsWindow.h">
      <Filter>Platform</Filter>
    </ClInclude>
    <ClInclude Include="src\core\Application.h">
      <Filter>core</Filter>
    </ClInclude>
    <ClInclude Include="src\core\EntryPoint.h">
      <Filter>core</Filter>
    </ClInclude>
    <ClInclude Include="src\core\Events\ApplicationEvent.h">
      <Filter>core\Events</Filter>
    </ClInclude>
    <ClInclude Include="src\core\Events\Event.h">
      <Filter>core\Events</Filter>
    </ClInclude>
    <ClInclude Include="src\core\Events\KeyEvent.h">
      <Filter>core\Events</Filter>
    </ClInclude>
    <ClInclude Include="src\core\Events\MouseEvent.h">
      <Filter>core\Events</Filter>
    </ClInclude>
    <ClInclude Include="src\core\Log.h">
      <Filter>core</Filter>
    </ClInclude>
    <ClInclude Include="src\core\Window.h">
      <Filter>core</Filter>
    </ClInclude>
    <ClInclude Include="src\core\core.h">
      <Filter>core</Filter>
    </ClInclude>
    <ClInclude Include="src\crpch.h" />
  </ItemGroup>
  <ItemGroup>
    <ClCompile Include="src\Platform\WindowsWindow.cpp">
      <Filter>Platform</Filter>
    </ClCompile>
    <ClCompile Include="src\core\Application.cpp">
      <Filter>core</Filter>
    </ClCompile>
    <ClCompile Include="src\core\Log.cpp">
      <Filter>core</Filter>
    </ClCompile>
    <ClCompile Include="src\crpch.cpp" />
  </ItemGroup>
</Project>