<?xml version="1.0" encoding="utf-8"?>
<Project ToolsVersion="4.0" xmlns="http://schemas.microsoft.com/developer/msbuild/2003">
  <ItemGroup>
    <Filter Include="Source Files">
      <UniqueIdentifier>{4FC737F1-C7A5-4376-A066-2A32D752A2FF}</UniqueIdentifier>
      <Extensions>cpp;c;cc;cxx;c++;cppm;ixx;def;odl;idl;hpj;bat;asm;asmx</Extensions>
    </Filter>
    <Filter Include="Header Files">
      <UniqueIdentifier>{93995380-89BD-4b04-88EB-625FBE52EBFB}</UniqueIdentifier>
      <Extensions>h;hh;hpp;hxx;h++;hm;inl;inc;ipp;xsd</Extensions>
    </Filter>
    <Filter Include="Resource Files">
      <UniqueIdentifier>{67DA6AB6-F800-4c08-8B7A-83BB121AAD01}</UniqueIdentifier>
      <Extensions>rc;ico;cur;bmp;dlg;rc2;rct;bin;rgs;gif;jpg;jpeg;jpe;resx;tiff;tif;png;wav;mfcribbon-ms</Extensions>
    </Filter>
    <Filter Include="Header Files\Graphics">
      <UniqueIdentifier>{66b0bc94-6aaa-406d-9240-0ba6db96e058}</UniqueIdentifier>
    </Filter>
    <Filter Include="Source Files\Graphics">
      <UniqueIdentifier>{0c47a6f9-2a25-4c37-a8e7-03de6fd30593}</UniqueIdentifier>
    </Filter>
    <Filter Include="Ukemochi-Engine\Logs">
      <UniqueIdentifier>{211954F0-0DA8-DDB9-B6C6-F1B4A234EE5F}</UniqueIdentifier>
    </Filter>
  </ItemGroup>
  <ItemGroup>
    <ClInclude Include="..\Source\Engine\Graphics\Camera.h">
      <Filter>Header Files\Graphics</Filter>
    </ClInclude>
    <ClInclude Include="src\PreCompile.h" />
    <ClInclude Include="src\Ukemochi-Engine.h" />
    <ClInclude Include="src\Ukemochi-Engine\Application.h">
      <Filter>Ukemochi-Engine</Filter>
    </ClInclude>
    <ClInclude Include="..\Source\Engine\Graphics\shaderClass.h">
      <Filter>Header Files\Graphics</Filter>
    </ClInclude>
    <ClInclude Include="..\Source\Engine\Graphics\Renderer.h">
      <Filter>Header Files\Graphics</Filter>
    </ClInclude>
    <ClInclude Include="..\Source\Engine\Graphics\Texture.h">
      <Filter>Header Files\Graphics</Filter>
    </ClInclude>
    <ClInclude Include="..\Source\Engine\Graphics\VAO.h">
      <Filter>Header Files\Graphics</Filter>
    </ClInclude>
    <ClInclude Include="src\Ukemochi-Engine\Events\KeyEvent.h">
      <Filter>Ukemochi-Engine\Events</Filter>
    </ClInclude>
    <ClInclude Include="src\Ukemochi-Engine\Events\MouseEvent.h">
      <Filter>Ukemochi-Engine\Events</Filter>
    </ClInclude>
    <ClInclude Include="src\Ukemochi-Engine\Logs\Log.h">
      <Filter>Ukemochi-Engine\Logs</Filter>
    </ClInclude>
    <ClInclude Include="src\Ukemochi-Engine\Window.h">
      <Filter>Ukemochi-Engine</Filter>
    </ClInclude>
  </ItemGroup>
  <ItemGroup>
    <ClCompile Include="..\Source\Engine\Graphics\Camera.cpp">
      <Filter>Source Files\Graphics</Filter>
    </ClCompile>
    <ClCompile Include="src\PreCompile.cpp" />
    <ClCompile Include="src\Ukemochi-Engine\Application.cpp">
      <Filter>Ukemochi-Engine</Filter>
    </ClCompile>
    <ClCompile Include="src\Ukemochi-Engine\Logs\Log.cpp">
      <Filter>Ukemochi-Engine\Logs</Filter>
    </ClCompile>
  </ItemGroup>
</Project>