<?xml version="1.0" encoding="utf-8"?>
<Project ToolsVersion="4.0" xmlns="http://schemas.microsoft.com/developer/msbuild/2003">
  <ItemGroup>
    <Filter Include="Platform">
      <UniqueIdentifier>{2AC788B4-1694-E3BF-3FAD-D1672BD9184E}</UniqueIdentifier>
    </Filter>
    <Filter Include="Ukemochi-Engine">
      <UniqueIdentifier>{9D9C9A89-0928-084E-1239-8B427E43644E}</UniqueIdentifier>
    </Filter>
    <Filter Include="Ukemochi-Engine\Events">
      <UniqueIdentifier>{E155E845-CD4F-1198-B6BC-A7A8A2557704}</UniqueIdentifier>
    </Filter>
    <Filter Include="Ukemochi-Engine\Logs">
      <UniqueIdentifier>{211954F0-0DA8-DDB9-B6C6-F1B4A234EE5F}</UniqueIdentifier>
    </Filter>
  </ItemGroup>
  <ItemGroup>
    <ClInclude Include="src\Platform\WindowsWindow.h">
      <Filter>Platform</Filter>
    </ClInclude>
    <ClInclude Include="src\PreCompile.h" />
    <ClInclude Include="src\Ukemochi-Engine.h" />
    <ClInclude Include="src\Ukemochi-Engine\Application.h">
      <Filter>Ukemochi-Engine</Filter>
    </ClInclude>
    <ClInclude Include="src\Ukemochi-Engine\Core.h">
      <Filter>Ukemochi-Engine</Filter>
    </ClInclude>
    <ClInclude Include="src\Ukemochi-Engine\EntryPoint.h">
      <Filter>Ukemochi-Engine</Filter>
    </ClInclude>
    <ClInclude Include="src\Ukemochi-Engine\Events\ApplicationEvent.h">
      <Filter>Ukemochi-Engine\Events</Filter>
    </ClInclude>
    <ClInclude Include="src\Ukemochi-Engine\Events\Event.h">
      <Filter>Ukemochi-Engine\Events</Filter>
    </ClInclude>
    <ClInclude Include="src\Ukemochi-Engine\Events\KeyEvent.h">
      <Filter>Ukemochi-Engine\Events</Filter>
    </ClInclude>
    <ClInclude Include="src\Ukemochi-Engine\Events\MouseEvent.h">
      <Filter>Ukemochi-Engine\Events</Filter>
    </ClInclude>
    <ClInclude Include="src\Ukemochi-Engine\Logs\Log.h">
      <Filter>Ukemochi-Engine\Logs</Filter>
    </ClInclude>
    <ClInclude Include="src\Ukemochi-Engine\Window.h">
      <Filter>Ukemochi-Engine</Filter>
    </ClInclude>
  </ItemGroup>
  <ItemGroup>
    <ClCompile Include="src\Platform\WindowsWindow.cpp">
      <Filter>Platform</Filter>
    </ClCompile>
    <ClCompile Include="src\PreCompile.cpp" />
    <ClCompile Include="src\Ukemochi-Engine\Application.cpp">
      <Filter>Ukemochi-Engine</Filter>
    </ClCompile>
    <ClCompile Include="src\Ukemochi-Engine\Logs\Log.cpp">
      <Filter>Ukemochi-Engine\Logs</Filter>
    </ClCompile>
  </ItemGroup>
</Project>