<?xml version="1.0" encoding="utf-8"?>
<Project ToolsVersion="4.0" xmlns="http://schemas.microsoft.com/developer/msbuild/2003">
  <ItemGroup>
    <ClCompile Include="src\Platform\ImGuiOpenGl\ImGuiOpenGl.cpp" />
    <ClCompile Include="src\Platform\WindowsWindow.cpp" />
    <ClCompile Include="src\PreCompile.cpp" />
    <ClCompile Include="src\Ukemochi-Engine\Application.cpp" />
    <ClCompile Include="src\Ukemochi-Engine\Audio\Audio.cpp" />
    <ClCompile Include="src\Ukemochi-Engine\Collision\Collision.cpp" />
    <ClCompile Include="src\Ukemochi-Engine\ECS\Component.cpp" />
    <ClCompile Include="src\Ukemochi-Engine\ECS\ECS.cpp" />
    <ClCompile Include="src\Ukemochi-Engine\ECS\Entity.cpp" />
    <ClCompile Include="src\Ukemochi-Engine\ECS\Registry.cpp" />
    <ClCompile Include="src\Ukemochi-Engine\ECS\Systems.cpp" />
    <ClCompile Include="src\Ukemochi-Engine\FrameController.cpp" />
    <ClCompile Include="src\Ukemochi-Engine\Game\GSM.cpp" />
    <ClCompile Include="src\Ukemochi-Engine\Game\Level1.cpp" />
    <ClCompile Include="src\Ukemochi-Engine\Game\MainMenu.cpp" />
    <ClCompile Include="src\Ukemochi-Engine\Graphics\EBO.cpp" />
    <ClCompile Include="src\Ukemochi-Engine\Graphics\Renderer.cpp" />
    <ClCompile Include="src\Ukemochi-Engine\Graphics\Texture.cpp" />
    <ClCompile Include="src\Ukemochi-Engine\Graphics\VAO.cpp" />
    <ClCompile Include="src\Ukemochi-Engine\Graphics\VBO.cpp" />
    <ClCompile Include="src\Ukemochi-Engine\Graphics\shaderClass.cpp" />
    <ClCompile Include="src\Ukemochi-Engine\ImGui\ImGuiCore.cpp" />
    <ClCompile Include="src\Ukemochi-Engine\Input\Input.cpp" />
    <ClCompile Include="src\Ukemochi-Engine\Logs\Log.cpp" />
    <ClCompile Include="src\Ukemochi-Engine\Math\MathUtils.cpp" />
    <ClCompile Include="src\Ukemochi-Engine\Math\Matrix3x3.cpp" />
    <ClCompile Include="src\Ukemochi-Engine\Math\Matrix4x4.cpp" />
    <ClCompile Include="src\Ukemochi-Engine\Math\Vector2D.cpp" />
    <ClCompile Include="src\Ukemochi-Engine\Math\Vector3D.cpp" />
    <ClCompile Include="src\Ukemochi-Engine\Physics\Physics.cpp" />
  </ItemGroup>
  <ItemGroup>
    <ClInclude Include="src\Platform\ImGuiOpenGl\ImGuiOpenGl.h" />
    <ClInclude Include="src\Platform\WindowsWindow.h" />
    <ClInclude Include="src\PreCompile.h" />
    <ClInclude Include="src\Ukemochi-Engine.h" />
    <ClInclude Include="src\Ukemochi-Engine\Application.h" />
    <ClInclude Include="src\Ukemochi-Engine\Audio\Audio.h" />
    <ClInclude Include="src\Ukemochi-Engine\Audio\AudioList.h" />
    <ClInclude Include="src\Ukemochi-Engine\Collision\BoxCollider2D.h" />
    <ClInclude Include="src\Ukemochi-Engine\Collision\CircleCollider2D.h" />
    <ClInclude Include="src\Ukemochi-Engine\Collision\Collision.h" />
    <ClInclude Include="src\Ukemochi-Engine\Core.h" />
    <ClInclude Include="src\Ukemochi-Engine\ECS\Component.h" />
    <ClInclude Include="src\Ukemochi-Engine\ECS\Components.h" />
    <ClInclude Include="src\Ukemochi-Engine\ECS\ECS.h" />
    <ClInclude Include="src\Ukemochi-Engine\ECS\Entity.h" />
    <ClInclude Include="src\Ukemochi-Engine\ECS\Registry.h" />
    <ClInclude Include="src\Ukemochi-Engine\ECS\Systems.h" />
    <ClInclude Include="src\Ukemochi-Engine\EntryPoint.h" />
    <ClInclude Include="src\Ukemochi-Engine\Events\ApplicationEvent.h" />
    <ClInclude Include="src\Ukemochi-Engine\Events\Event.h" />
    <ClInclude Include="src\Ukemochi-Engine\Events\KeyEvent.h" />
    <ClInclude Include="src\Ukemochi-Engine\Events\MouseEvent.h" />
    <ClInclude Include="src\Ukemochi-Engine\FrameController.h" />
    <ClInclude Include="src\Ukemochi-Engine\Game\GSM.h" />
    <ClInclude Include="src\Ukemochi-Engine\Game\GameStateList.h" />
    <ClInclude Include="src\Ukemochi-Engine\Game\Level1.h" />
    <ClInclude Include="src\Ukemochi-Engine\Game\MainMenu.h" />
    <ClInclude Include="src\Ukemochi-Engine\Graphics\EBO.h" />
    <ClInclude Include="src\Ukemochi-Engine\Graphics\Renderer.h" />
    <ClInclude Include="src\Ukemochi-Engine\Graphics\Texture.h" />
    <ClInclude Include="src\Ukemochi-Engine\Graphics\VAO.h" />
    <ClInclude Include="src\Ukemochi-Engine\Graphics\VBO.h" />
    <ClInclude Include="src\Ukemochi-Engine\Graphics\shaderClass.h" />
    <ClInclude Include="src\Ukemochi-Engine\ImGui\ImGuiCore.h" />
    <ClInclude Include="src\Ukemochi-Engine\Input\Input.h" />
    <ClInclude Include="src\Ukemochi-Engine\Input\KeyCode.h" />
    <ClInclude Include="src\Ukemochi-Engine\Logs\Log.h" />
    <ClInclude Include="src\Ukemochi-Engine\Math\MathUtils.h" />
    <ClInclude Include="src\Ukemochi-Engine\Math\Matrix3x3.h" />
    <ClInclude Include="src\Ukemochi-Engine\Math\Matrix4x4.h" />
    <ClInclude Include="src\Ukemochi-Engine\Math\Vector2D.h" />
    <ClInclude Include="src\Ukemochi-Engine\Math\Vector3D.h" />
    <ClInclude Include="src\Ukemochi-Engine\Input\MouseButtonCode.h" />
    <ClInclude Include="src\Ukemochi-Engine\Physics\Physics.h" />
    <ClInclude Include="src\Ukemochi-Engine\Physics\Rigidbody2D.h" />
  </ItemGroup>
</Project>